
Microsoft Visual Studio Solution File, Format Version 12.00
# Visual Studio Version 17
VisualStudioVersion = 17.1.32414.318
MinimumVisualStudioVersion = 10.0.40219.1
Project("{FAE04EC0-301F-11D3-BF4B-00C04F79EFBC}") = "Capgemini.Infrastructure", "Capgemini.Infrastructure.csproj", "{AF312698-B232-4D34-8EEC-EDC4F13D4885}"
EndProject
Global
	GlobalSection(SolutionConfigurationPlatforms) = preSolution
		Debug|Any CPU = Debug|Any CPU
		Release|Any CPU = Release|Any CPU
	EndGlobalSection
	GlobalSection(ProjectConfigurationPlatforms) = postSolution
		{AF312698-B232-4D34-8EEC-EDC4F13D4885}.Debug|Any CPU.ActiveCfg = Debug|Any CPU
		{AF312698-B232-4D34-8EEC-EDC4F13D4885}.Debug|Any CPU.Build.0 = Debug|Any CPU
		{AF312698-B232-4D34-8EEC-EDC4F13D4885}.Release|Any CPU.ActiveCfg = Release|Any CPU
		{AF312698-B232-4D34-8EEC-EDC4F13D4885}.Release|Any CPU.Build.0 = Release|Any CPU
	EndGlobalSection
	GlobalSection(SolutionProperties) = preSolution
		HideSolutionNode = FALSE
	EndGlobalSection
	GlobalSection(ExtensibilityGlobals) = postSolution
		SolutionGuid = {9B4E2351-DA92-4419-AD29-BD4F612A5140}
	EndGlobalSection
EndGlobal
