
Microsoft Visual Studio Solution File, Format Version 12.00
# Visual Studio Version 17
VisualStudioVersion = 17.1.32228.430
MinimumVisualStudioVersion = 10.0.40219.1
Project("{FAE04EC0-301F-11D3-BF4B-00C04F79EFBC}") = "ParaTeste", "ParaTeste.csproj", "{63D2D4F1-A68F-4E3E-AC0E-8088B4D14458}"
EndProject
Global
	GlobalSection(SolutionConfigurationPlatforms) = preSolution
		Debug|Any CPU = Debug|Any CPU
		Release|Any CPU = Release|Any CPU
	EndGlobalSection
	GlobalSection(ProjectConfigurationPlatforms) = postSolution
		{63D2D4F1-A68F-4E3E-AC0E-8088B4D14458}.Debug|Any CPU.ActiveCfg = Debug|Any CPU
		{63D2D4F1-A68F-4E3E-AC0E-8088B4D14458}.Debug|Any CPU.Build.0 = Debug|Any CPU
		{63D2D4F1-A68F-4E3E-AC0E-8088B4D14458}.Release|Any CPU.ActiveCfg = Release|Any CPU
		{63D2D4F1-A68F-4E3E-AC0E-8088B4D14458}.Release|Any CPU.Build.0 = Release|Any CPU
	EndGlobalSection
	GlobalSection(SolutionProperties) = preSolution
		HideSolutionNode = FALSE
	EndGlobalSection
	GlobalSection(ExtensibilityGlobals) = postSolution
		SolutionGuid = {0753F4BA-AB84-4ACB-B177-DE94C0E5D7C8}
	EndGlobalSection
EndGlobal
