
Microsoft Visual Studio Solution File, Format Version 12.00
# Visual Studio Version 17
VisualStudioVersion = 17.1.32228.430
MinimumVisualStudioVersion = 10.0.40219.1
Project("{FAE04EC0-301F-11D3-BF4B-00C04F79EFBC}") = "Impact Price", "Impact Price.csproj", "{AB7E47E0-F22D-404F-98D5-D1D0E8D71E96}"
EndProject
Global
	GlobalSection(SolutionConfigurationPlatforms) = preSolution
		Debug|Any CPU = Debug|Any CPU
		Release|Any CPU = Release|Any CPU
	EndGlobalSection
	GlobalSection(ProjectConfigurationPlatforms) = postSolution
		{AB7E47E0-F22D-404F-98D5-D1D0E8D71E96}.Debug|Any CPU.ActiveCfg = Debug|Any CPU
		{AB7E47E0-F22D-404F-98D5-D1D0E8D71E96}.Debug|Any CPU.Build.0 = Debug|Any CPU
		{AB7E47E0-F22D-404F-98D5-D1D0E8D71E96}.Release|Any CPU.ActiveCfg = Release|Any CPU
		{AB7E47E0-F22D-404F-98D5-D1D0E8D71E96}.Release|Any CPU.Build.0 = Release|Any CPU
	EndGlobalSection
	GlobalSection(SolutionProperties) = preSolution
		HideSolutionNode = FALSE
	EndGlobalSection
	GlobalSection(ExtensibilityGlobals) = postSolution
		SolutionGuid = {23C333C4-586B-4EA0-92CC-38DAC578B790}
	EndGlobalSection
EndGlobal
